// !$*UTF8*$!
{
	archiveVersion = 1;
	classes = {
	};
	objectVersion = 55;
	objects = {

/* Begin PBXBuildFile section */
		D624E35826FB878400407E30 /* Q15s WatchKit App.app in Embed Watch Content */ = {isa = PBXBuildFile; fileRef = D624E35726FB878400407E30 /* Q15s WatchKit App.app */; settings = {ATTRIBUTES = (RemoveHeadersOnCopy, ); }; };
		D624E35D26FB878600407E30 /* Assets.xcassets in Resources */ = {isa = PBXBuildFile; fileRef = D624E35C26FB878600407E30 /* Assets.xcassets */; };
		D624E36326FB878600407E30 /* Q15s WatchKit Extension.appex in Embed App Extensions */ = {isa = PBXBuildFile; fileRef = D624E36226FB878600407E30 /* Q15s WatchKit Extension.appex */; settings = {ATTRIBUTES = (RemoveHeadersOnCopy, ); }; };
		D624E36826FB878600407E30 /* Q15sApp.swift in Sources */ = {isa = PBXBuildFile; fileRef = D624E36726FB878600407E30 /* Q15sApp.swift */; };
		D624E36A26FB878600407E30 /* ContentView.swift in Sources */ = {isa = PBXBuildFile; fileRef = D624E36926FB878600407E30 /* ContentView.swift */; };
		D624E36C26FB878600407E30 /* NotificationController.swift in Sources */ = {isa = PBXBuildFile; fileRef = D624E36B26FB878600407E30 /* NotificationController.swift */; };
		D624E36E26FB878600407E30 /* NotificationView.swift in Sources */ = {isa = PBXBuildFile; fileRef = D624E36D26FB878600407E30 /* NotificationView.swift */; };
		D624E37026FB878600407E30 /* ComplicationController.swift in Sources */ = {isa = PBXBuildFile; fileRef = D624E36F26FB878600407E30 /* ComplicationController.swift */; };
		D624E37226FB878700407E30 /* Assets.xcassets in Resources */ = {isa = PBXBuildFile; fileRef = D624E37126FB878700407E30 /* Assets.xcassets */; };
		D624E37526FB878700407E30 /* Preview Assets.xcassets in Resources */ = {isa = PBXBuildFile; fileRef = D624E37426FB878700407E30 /* Preview Assets.xcassets */; };
/* End PBXBuildFile section */

/* Begin PBXContainerItemProxy section */
		D624E35926FB878400407E30 /* PBXContainerItemProxy */ = {
			isa = PBXContainerItemProxy;
			containerPortal = D624E34D26FB878400407E30 /* Project object */;
			proxyType = 1;
			remoteGlobalIDString = D624E35626FB878400407E30;
			remoteInfo = "Q15s WatchKit App";
		};
		D624E36426FB878600407E30 /* PBXContainerItemProxy */ = {
			isa = PBXContainerItemProxy;
			containerPortal = D624E34D26FB878400407E30 /* Project object */;
			proxyType = 1;
			remoteGlobalIDString = D624E36126FB878600407E30;
			remoteInfo = "Q15s WatchKit Extension";
		};
/* End PBXContainerItemProxy section */

/* Begin PBXCopyFilesBuildPhase section */
		D624E37D26FB878700407E30 /* Embed App Extensions */ = {
			isa = PBXCopyFilesBuildPhase;
			buildActionMask = 2147483647;
			dstPath = "";
			dstSubfolderSpec = 13;
			files = (
				D624E36326FB878600407E30 /* Q15s WatchKit Extension.appex in Embed App Extensions */,
			);
			name = "Embed App Extensions";
			runOnlyForDeploymentPostprocessing = 0;
		};
		D624E38126FB878700407E30 /* Embed Watch Content */ = {
			isa = PBXCopyFilesBuildPhase;
			buildActionMask = 2147483647;
			dstPath = "$(CONTENTS_FOLDER_PATH)/Watch";
			dstSubfolderSpec = 16;
			files = (
				D624E35826FB878400407E30 /* Q15s WatchKit App.app in Embed Watch Content */,
			);
			name = "Embed Watch Content";
			runOnlyForDeploymentPostprocessing = 0;
		};
/* End PBXCopyFilesBuildPhase section */

/* Begin PBXFileReference section */
		D624E35326FB878400407E30 /* Q15s.app */ = {isa = PBXFileReference; explicitFileType = wrapper.application; includeInIndex = 0; path = Q15s.app; sourceTree = BUILT_PRODUCTS_DIR; };
		D624E35726FB878400407E30 /* Q15s WatchKit App.app */ = {isa = PBXFileReference; explicitFileType = wrapper.application; includeInIndex = 0; path = "Q15s WatchKit App.app"; sourceTree = BUILT_PRODUCTS_DIR; };
		D624E35C26FB878600407E30 /* Assets.xcassets */ = {isa = PBXFileReference; lastKnownFileType = folder.assetcatalog; path = Assets.xcassets; sourceTree = "<group>"; };
		D624E36226FB878600407E30 /* Q15s WatchKit Extension.appex */ = {isa = PBXFileReference; explicitFileType = "wrapper.app-extension"; includeInIndex = 0; path = "Q15s WatchKit Extension.appex"; sourceTree = BUILT_PRODUCTS_DIR; };
		D624E36726FB878600407E30 /* Q15sApp.swift */ = {isa = PBXFileReference; lastKnownFileType = sourcecode.swift; path = Q15sApp.swift; sourceTree = "<group>"; };
		D624E36926FB878600407E30 /* ContentView.swift */ = {isa = PBXFileReference; lastKnownFileType = sourcecode.swift; path = ContentView.swift; sourceTree = "<group>"; };
		D624E36B26FB878600407E30 /* NotificationController.swift */ = {isa = PBXFileReference; lastKnownFileType = sourcecode.swift; path = NotificationController.swift; sourceTree = "<group>"; };
		D624E36D26FB878600407E30 /* NotificationView.swift */ = {isa = PBXFileReference; lastKnownFileType = sourcecode.swift; path = NotificationView.swift; sourceTree = "<group>"; };
		D624E36F26FB878600407E30 /* ComplicationController.swift */ = {isa = PBXFileReference; lastKnownFileType = sourcecode.swift; path = ComplicationController.swift; sourceTree = "<group>"; };
		D624E37126FB878700407E30 /* Assets.xcassets */ = {isa = PBXFileReference; lastKnownFileType = folder.assetcatalog; path = Assets.xcassets; sourceTree = "<group>"; };
		D624E37426FB878700407E30 /* Preview Assets.xcassets */ = {isa = PBXFileReference; lastKnownFileType = folder.assetcatalog; path = "Preview Assets.xcassets"; sourceTree = "<group>"; };
		D624E37626FB878700407E30 /* Info.plist */ = {isa = PBXFileReference; lastKnownFileType = text.plist.xml; path = Info.plist; sourceTree = "<group>"; };
		D624E37726FB878700407E30 /* PushNotificationPayload.apns */ = {isa = PBXFileReference; lastKnownFileType = text; path = PushNotificationPayload.apns; sourceTree = "<group>"; };
/* End PBXFileReference section */

/* Begin PBXFrameworksBuildPhase section */
		D624E35F26FB878600407E30 /* Frameworks */ = {
			isa = PBXFrameworksBuildPhase;
			buildActionMask = 2147483647;
			files = (
			);
			runOnlyForDeploymentPostprocessing = 0;
		};
/* End PBXFrameworksBuildPhase section */

/* Begin PBXGroup section */
		D624E34C26FB878400407E30 = {
			isa = PBXGroup;
			children = (
				D624E35B26FB878400407E30 /* Q15s WatchKit App */,
				D624E36626FB878600407E30 /* Q15s WatchKit Extension */,
				D624E35426FB878400407E30 /* Products */,
			);
			sourceTree = "<group>";
		};
		D624E35426FB878400407E30 /* Products */ = {
			isa = PBXGroup;
			children = (
				D624E35326FB878400407E30 /* Q15s.app */,
				D624E35726FB878400407E30 /* Q15s WatchKit App.app */,
				D624E36226FB878600407E30 /* Q15s WatchKit Extension.appex */,
			);
			name = Products;
			sourceTree = "<group>";
		};
		D624E35B26FB878400407E30 /* Q15s WatchKit App */ = {
			isa = PBXGroup;
			children = (
				D624E35C26FB878600407E30 /* Assets.xcassets */,
			);
			path = "Q15s WatchKit App";
			sourceTree = "<group>";
		};
		D624E36626FB878600407E30 /* Q15s WatchKit Extension */ = {
			isa = PBXGroup;
			children = (
				D624E36726FB878600407E30 /* Q15sApp.swift */,
				D624E36926FB878600407E30 /* ContentView.swift */,
				D624E36B26FB878600407E30 /* NotificationController.swift */,
				D624E36D26FB878600407E30 /* NotificationView.swift */,
				D624E36F26FB878600407E30 /* ComplicationController.swift */,
				D624E37126FB878700407E30 /* Assets.xcassets */,
				D624E37626FB878700407E30 /* Info.plist */,
				D624E37726FB878700407E30 /* PushNotificationPayload.apns */,
				D624E37326FB878700407E30 /* Preview Content */,
			);
			path = "Q15s WatchKit Extension";
			sourceTree = "<group>";
		};
		D624E37326FB878700407E30 /* Preview Content */ = {
			isa = PBXGroup;
			children = (
				D624E37426FB878700407E30 /* Preview Assets.xcassets */,
			);
			path = "Preview Content";
			sourceTree = "<group>";
		};
/* End PBXGroup section */

/* Begin PBXNativeTarget section */
		D624E35226FB878400407E30 /* Q15s */ = {
			isa = PBXNativeTarget;
			buildConfigurationList = D624E38226FB878700407E30 /* Build configuration list for PBXNativeTarget "Q15s" */;
			buildPhases = (
				D624E35126FB878400407E30 /* Resources */,
				D624E38126FB878700407E30 /* Embed Watch Content */,
			);
			buildRules = (
			);
			dependencies = (
				D624E35A26FB878400407E30 /* PBXTargetDependency */,
			);
			name = Q15s;
			productName = Q15s;
			productReference = D624E35326FB878400407E30 /* Q15s.app */;
			productType = "com.apple.product-type.application.watchapp2-container";
		};
		D624E35626FB878400407E30 /* Q15s WatchKit App */ = {
			isa = PBXNativeTarget;
			buildConfigurationList = D624E37E26FB878700407E30 /* Build configuration list for PBXNativeTarget "Q15s WatchKit App" */;
			buildPhases = (
				D624E35526FB878400407E30 /* Resources */,
				D624E37D26FB878700407E30 /* Embed App Extensions */,
			);
			buildRules = (
			);
			dependencies = (
				D624E36526FB878600407E30 /* PBXTargetDependency */,
			);
			name = "Q15s WatchKit App";
			productName = "Q15s WatchKit App";
			productReference = D624E35726FB878400407E30 /* Q15s WatchKit App.app */;
			productType = "com.apple.product-type.application.watchapp2";
		};
		D624E36126FB878600407E30 /* Q15s WatchKit Extension */ = {
			isa = PBXNativeTarget;
			buildConfigurationList = D624E37A26FB878700407E30 /* Build configuration list for PBXNativeTarget "Q15s WatchKit Extension" */;
			buildPhases = (
				D624E35E26FB878600407E30 /* Sources */,
				D624E35F26FB878600407E30 /* Frameworks */,
				D624E36026FB878600407E30 /* Resources */,
			);
			buildRules = (
			);
			dependencies = (
			);
			name = "Q15s WatchKit Extension";
			productName = "Q15s WatchKit Extension";
			productReference = D624E36226FB878600407E30 /* Q15s WatchKit Extension.appex */;
			productType = "com.apple.product-type.watchkit2-extension";
		};
/* End PBXNativeTarget section */

/* Begin PBXProject section */
		D624E34D26FB878400407E30 /* Project object */ = {
			isa = PBXProject;
			attributes = {
				BuildIndependentTargetsInParallel = 1;
				LastSwiftUpdateCheck = 1300;
				LastUpgradeCheck = 1300;
				TargetAttributes = {
					D624E35226FB878400407E30 = {
						CreatedOnToolsVersion = 13.0;
					};
					D624E35626FB878400407E30 = {
						CreatedOnToolsVersion = 13.0;
					};
					D624E36126FB878600407E30 = {
						CreatedOnToolsVersion = 13.0;
					};
				};
			};
			buildConfigurationList = D624E35026FB878400407E30 /* Build configuration list for PBXProject "Q15s" */;
			compatibilityVersion = "Xcode 13.0";
			developmentRegion = en;
			hasScannedForEncodings = 0;
			knownRegions = (
				en,
				Base,
			);
			mainGroup = D624E34C26FB878400407E30;
			productRefGroup = D624E35426FB878400407E30 /* Products */;
			projectDirPath = "";
			projectRoot = "";
			targets = (
				D624E35226FB878400407E30 /* Q15s */,
				D624E35626FB878400407E30 /* Q15s WatchKit App */,
				D624E36126FB878600407E30 /* Q15s WatchKit Extension */,
			);
		};
/* End PBXProject section */

/* Begin PBXResourcesBuildPhase section */
		D624E35126FB878400407E30 /* Resources */ = {
			isa = PBXResourcesBuildPhase;
			buildActionMask = 2147483647;
			files = (
			);
			runOnlyForDeploymentPostprocessing = 0;
		};
		D624E35526FB878400407E30 /* Resources */ = {
			isa = PBXResourcesBuildPhase;
			buildActionMask = 2147483647;
			files = (
				D624E35D26FB878600407E30 /* Assets.xcassets in Resources */,
			);
			runOnlyForDeploymentPostprocessing = 0;
		};
		D624E36026FB878600407E30 /* Resources */ = {
			isa = PBXResourcesBuildPhase;
			buildActionMask = 2147483647;
			files = (
				D624E37526FB878700407E30 /* Preview Assets.xcassets in Resources */,
				D624E37226FB878700407E30 /* Assets.xcassets in Resources */,
			);
			runOnlyForDeploymentPostprocessing = 0;
		};
/* End PBXResourcesBuildPhase section */

/* Begin PBXSourcesBuildPhase section */
		D624E35E26FB878600407E30 /* Sources */ = {
			isa = PBXSourcesBuildPhase;
			buildActionMask = 2147483647;
			files = (
				D624E36C26FB878600407E30 /* NotificationController.swift in Sources */,
				D624E36A26FB878600407E30 /* ContentView.swift in Sources */,
				D624E37026FB878600407E30 /* ComplicationController.swift in Sources */,
				D624E36826FB878600407E30 /* Q15sApp.swift in Sources */,
				D624E36E26FB878600407E30 /* NotificationView.swift in Sources */,
			);
			runOnlyForDeploymentPostprocessing = 0;
		};
/* End PBXSourcesBuildPhase section */

/* Begin PBXTargetDependency section */
		D624E35A26FB878400407E30 /* PBXTargetDependency */ = {
			isa = PBXTargetDependency;
			target = D624E35626FB878400407E30 /* Q15s WatchKit App */;
			targetProxy = D624E35926FB878400407E30 /* PBXContainerItemProxy */;
		};
		D624E36526FB878600407E30 /* PBXTargetDependency */ = {
			isa = PBXTargetDependency;
			target = D624E36126FB878600407E30 /* Q15s WatchKit Extension */;
			targetProxy = D624E36426FB878600407E30 /* PBXContainerItemProxy */;
		};
/* End PBXTargetDependency section */

/* Begin XCBuildConfiguration section */
		D624E37826FB878700407E30 /* Debug */ = {
			isa = XCBuildConfiguration;
			buildSettings = {
				ALWAYS_SEARCH_USER_PATHS = NO;
				CLANG_ANALYZER_NONNULL = YES;
				CLANG_ANALYZER_NUMBER_OBJECT_CONVERSION = YES_AGGRESSIVE;
				CLANG_CXX_LANGUAGE_STANDARD = "gnu++17";
				CLANG_CXX_LIBRARY = "libc++";
				CLANG_ENABLE_MODULES = YES;
				CLANG_ENABLE_OBJC_ARC = YES;
				CLANG_ENABLE_OBJC_WEAK = YES;
				CLANG_WARN_BLOCK_CAPTURE_AUTORELEASING = YES;
				CLANG_WARN_BOOL_CONVERSION = YES;
				CLANG_WARN_COMMA = YES;
				CLANG_WARN_CONSTANT_CONVERSION = YES;
				CLANG_WARN_DEPRECATED_OBJC_IMPLEMENTATIONS = YES;
				CLANG_WARN_DIRECT_OBJC_ISA_USAGE = YES_ERROR;
				CLANG_WARN_DOCUMENTATION_COMMENTS = YES;
				CLANG_WARN_EMPTY_BODY = YES;
				CLANG_WARN_ENUM_CONVERSION = YES;
				CLANG_WARN_INFINITE_RECURSION = YES;
				CLANG_WARN_INT_CONVERSION = YES;
				CLANG_WARN_NON_LITERAL_NULL_CONVERSION = YES;
				CLANG_WARN_OBJC_IMPLICIT_RETAIN_SELF = YES;
				CLANG_WARN_OBJC_LITERAL_CONVERSION = YES;
				CLANG_WARN_OBJC_ROOT_CLASS = YES_ERROR;
				CLANG_WARN_QUOTED_INCLUDE_IN_FRAMEWORK_HEADER = YES;
				CLANG_WARN_RANGE_LOOP_ANALYSIS = YES;
				CLANG_WARN_STRICT_PROTOTYPES = YES;
				CLANG_WARN_SUSPICIOUS_MOVE = YES;
				CLANG_WARN_UNGUARDED_AVAILABILITY = YES_AGGRESSIVE;
				CLANG_WARN_UNREACHABLE_CODE = YES;
				CLANG_WARN__DUPLICATE_METHOD_MATCH = YES;
				COPY_PHASE_STRIP = NO;
				DEBUG_INFORMATION_FORMAT = dwarf;
				ENABLE_STRICT_OBJC_MSGSEND = YES;
				ENABLE_TESTABILITY = YES;
				GCC_C_LANGUAGE_STANDARD = gnu11;
				GCC_DYNAMIC_NO_PIC = NO;
				GCC_NO_COMMON_BLOCKS = YES;
				GCC_OPTIMIZATION_LEVEL = 0;
				GCC_PREPROCESSOR_DEFINITIONS = (
					"DEBUG=1",
					"$(inherited)",
				);
				GCC_WARN_64_TO_32_BIT_CONVERSION = YES;
				GCC_WARN_ABOUT_RETURN_TYPE = YES_ERROR;
				GCC_WARN_UNDECLARED_SELECTOR = YES;
				GCC_WARN_UNINITIALIZED_AUTOS = YES_AGGRESSIVE;
				GCC_WARN_UNUSED_FUNCTION = YES;
				GCC_WARN_UNUSED_VARIABLE = YES;
				MTL_ENABLE_DEBUG_INFO = INCLUDE_SOURCE;
				MTL_FAST_MATH = YES;
				ONLY_ACTIVE_ARCH = YES;
				SDKROOT = iphoneos;
				SWIFT_ACTIVE_COMPILATION_CONDITIONS = DEBUG;
				SWIFT_OPTIMIZATION_LEVEL = "-Onone";
			};
			name = Debug;
		};
		D624E37926FB878700407E30 /* Release */ = {
			isa = XCBuildConfiguration;
			buildSettings = {
				ALWAYS_SEARCH_USER_PATHS = NO;
				CLANG_ANALYZER_NONNULL = YES;
				CLANG_ANALYZER_NUMBER_OBJECT_CONVERSION = YES_AGGRESSIVE;
				CLANG_CXX_LANGUAGE_STANDARD = "gnu++17";
				CLANG_CXX_LIBRARY = "libc++";
				CLANG_ENABLE_MODULES = YES;
				CLANG_ENABLE_OBJC_ARC = YES;
				CLANG_ENABLE_OBJC_WEAK = YES;
				CLANG_WARN_BLOCK_CAPTURE_AUTORELEASING = YES;
				CLANG_WARN_BOOL_CONVERSION = YES;
				CLANG_WARN_COMMA = YES;
				CLANG_WARN_CONSTANT_CONVERSION = YES;
				CLANG_WARN_DEPRECATED_OBJC_IMPLEMENTATIONS = YES;
				CLANG_WARN_DIRECT_OBJC_ISA_USAGE = YES_ERROR;
				CLANG_WARN_DOCUMENTATION_COMMENTS = YES;
				CLANG_WARN_EMPTY_BODY = YES;
				CLANG_WARN_ENUM_CONVERSION = YES;
				CLANG_WARN_INFINITE_RECURSION = YES;
				CLANG_WARN_INT_CONVERSION = YES;
				CLANG_WARN_NON_LITERAL_NULL_CONVERSION = YES;
				CLANG_WARN_OBJC_IMPLICIT_RETAIN_SELF = YES;
				CLANG_WARN_OBJC_LITERAL_CONVERSION = YES;
				CLANG_WARN_OBJC_ROOT_CLASS = YES_ERROR;
				CLANG_WARN_QUOTED_INCLUDE_IN_FRAMEWORK_HEADER = YES;
				CLANG_WARN_RANGE_LOOP_ANALYSIS = YES;
				CLANG_WARN_STRICT_PROTOTYPES = YES;
				CLANG_WARN_SUSPICIOUS_MOVE = YES;
				CLANG_WARN_UNGUARDED_AVAILABILITY = YES_AGGRESSIVE;
				CLANG_WARN_UNREACHABLE_CODE = YES;
				CLANG_WARN__DUPLICATE_METHOD_MATCH = YES;
				COPY_PHASE_STRIP = NO;
				DEBUG_INFORMATION_FORMAT = "dwarf-with-dsym";
				ENABLE_NS_ASSERTIONS = NO;
				ENABLE_STRICT_OBJC_MSGSEND = YES;
				GCC_C_LANGUAGE_STANDARD = gnu11;
				GCC_NO_COMMON_BLOCKS = YES;
				GCC_WARN_64_TO_32_BIT_CONVERSION = YES;
				GCC_WARN_ABOUT_RETURN_TYPE = YES_ERROR;
				GCC_WARN_UNDECLARED_SELECTOR = YES;
				GCC_WARN_UNINITIALIZED_AUTOS = YES_AGGRESSIVE;
				GCC_WARN_UNUSED_FUNCTION = YES;
				GCC_WARN_UNUSED_VARIABLE = YES;
				MTL_ENABLE_DEBUG_INFO = NO;
				MTL_FAST_MATH = YES;
				SDKROOT = iphoneos;
				SWIFT_COMPILATION_MODE = wholemodule;
				SWIFT_OPTIMIZATION_LEVEL = "-O";
				VALIDATE_PRODUCT = YES;
			};
			name = Release;
		};
		D624E37B26FB878700407E30 /* Debug */ = {
			isa = XCBuildConfiguration;
			buildSettings = {
				ASSETCATALOG_COMPILER_COMPLICATION_NAME = Complication;
				CODE_SIGN_STYLE = Automatic;
				CURRENT_PROJECT_VERSION = 1;
				DEVELOPMENT_ASSET_PATHS = "\"Q15s WatchKit Extension/Preview Content\"";
				DEVELOPMENT_TEAM = HUW9W9K3LV;
				ENABLE_PREVIEWS = YES;
				GENERATE_INFOPLIST_FILE = YES;
				INFOPLIST_FILE = "Q15s WatchKit Extension/Info.plist";
				INFOPLIST_KEY_CFBundleDisplayName = "Q15s WatchKit Extension";
				INFOPLIST_KEY_CLKComplicationPrincipalClass = Q15s_WatchKit_Extension.ComplicationController;
				INFOPLIST_KEY_NSHumanReadableCopyright = "";
				INFOPLIST_KEY_WKWatchOnly = YES;
				LD_RUNPATH_SEARCH_PATHS = (
					"$(inherited)",
					"@executable_path/Frameworks",
					"@executable_path/../../Frameworks",
				);
				MARKETING_VERSION = 1.0;
				PRODUCT_BUNDLE_IDENTIFIER = com.charan.Q15s.watchkitapp.watchkitextension;
				PRODUCT_NAME = "${TARGET_NAME}";
				SDKROOT = watchos;
				SKIP_INSTALL = YES;
				SWIFT_EMIT_LOC_STRINGS = YES;
				SWIFT_VERSION = 5.0;
				TARGETED_DEVICE_FAMILY = 4;
				WATCHOS_DEPLOYMENT_TARGET = 8.0;
			};
			name = Debug;
		};
		D624E37C26FB878700407E30 /* Release */ = {
			isa = XCBuildConfiguration;
			buildSettings = {
				ASSETCATALOG_COMPILER_COMPLICATION_NAME = Complication;
				CODE_SIGN_STYLE = Automatic;
				CURRENT_PROJECT_VERSION = 1;
				DEVELOPMENT_ASSET_PATHS = "\"Q15s WatchKit Extension/Preview Content\"";
				DEVELOPMENT_TEAM = HUW9W9K3LV;
				ENABLE_PREVIEWS = YES;
				GENERATE_INFOPLIST_FILE = YES;
				INFOPLIST_FILE = "Q15s WatchKit Extension/Info.plist";
				INFOPLIST_KEY_CFBundleDisplayName = "Q15s WatchKit Extension";
				INFOPLIST_KEY_CLKComplicationPrincipalClass = Q15s_WatchKit_Extension.ComplicationController;
				INFOPLIST_KEY_NSHumanReadableCopyright = "";
				INFOPLIST_KEY_WKWatchOnly = YES;
				LD_RUNPATH_SEARCH_PATHS = (
					"$(inherited)",
					"@executable_path/Frameworks",
					"@executable_path/../../Frameworks",
				);
				MARKETING_VERSION = 1.0;
				PRODUCT_BUNDLE_IDENTIFIER = com.charan.Q15s.watchkitapp.watchkitextension;
				PRODUCT_NAME = "${TARGET_NAME}";
				SDKROOT = watchos;
				SKIP_INSTALL = YES;
				SWIFT_EMIT_LOC_STRINGS = YES;
				SWIFT_VERSION = 5.0;
				TARGETED_DEVICE_FAMILY = 4;
				WATCHOS_DEPLOYMENT_TARGET = 8.0;
			};
			name = Release;
		};
		D624E37F26FB878700407E30 /* Debug */ = {
			isa = XCBuildConfiguration;
			buildSettings = {
				ALWAYS_EMBED_SWIFT_STANDARD_LIBRARIES = YES;
				ASSETCATALOG_COMPILER_APPICON_NAME = AppIcon;
				ASSETCATALOG_COMPILER_GLOBAL_ACCENT_COLOR_NAME = AccentColor;
				CODE_SIGN_STYLE = Automatic;
				CURRENT_PROJECT_VERSION = 1;
				DEVELOPMENT_TEAM = HUW9W9K3LV;
				GENERATE_INFOPLIST_FILE = YES;
				IBSC_MODULE = Q15s_WatchKit_Extension;
				INFOPLIST_KEY_CFBundleDisplayName = "Q15s WatchKit App";
				INFOPLIST_KEY_UISupportedInterfaceOrientations = "UIInterfaceOrientationPortrait UIInterfaceOrientationPortraitUpsideDown";
				MARKETING_VERSION = 1.0;
				PRODUCT_BUNDLE_IDENTIFIER = com.charan.Q15s.watchkitapp;
				PRODUCT_NAME = "$(TARGET_NAME)";
				SDKROOT = watchos;
				SKIP_INSTALL = YES;
				SWIFT_EMIT_LOC_STRINGS = YES;
				SWIFT_VERSION = 5.0;
				TARGETED_DEVICE_FAMILY = 4;
				WATCHOS_DEPLOYMENT_TARGET = 8.0;
			};
			name = Debug;
		};
		D624E38026FB878700407E30 /* Release */ = {
			isa = XCBuildConfiguration;
			buildSettings = {
				ALWAYS_EMBED_SWIFT_STANDARD_LIBRARIES = YES;
				ASSETCATALOG_COMPILER_APPICON_NAME = AppIcon;
				ASSETCATALOG_COMPILER_GLOBAL_ACCENT_COLOR_NAME = AccentColor;
				CODE_SIGN_STYLE = Automatic;
				CURRENT_PROJECT_VERSION = 1;
				DEVELOPMENT_TEAM = HUW9W9K3LV;
				GENERATE_INFOPLIST_FILE = YES;
				IBSC_MODULE = Q15s_WatchKit_Extension;
				INFOPLIST_KEY_CFBundleDisplayName = "Q15s WatchKit App";
				INFOPLIST_KEY_UISupportedInterfaceOrientations = "UIInterfaceOrientationPortrait UIInterfaceOrientationPortraitUpsideDown";
				MARKETING_VERSION = 1.0;
				PRODUCT_BUNDLE_IDENTIFIER = com.charan.Q15s.watchkitapp;
				PRODUCT_NAME = "$(TARGET_NAME)";
				SDKROOT = watchos;
				SKIP_INSTALL = YES;
				SWIFT_EMIT_LOC_STRINGS = YES;
				SWIFT_VERSION = 5.0;
				TARGETED_DEVICE_FAMILY = 4;
				WATCHOS_DEPLOYMENT_TARGET = 8.0;
			};
			name = Release;
		};
		D624E38326FB878700407E30 /* Debug */ = {
			isa = XCBuildConfiguration;
			buildSettings = {
				CODE_SIGN_STYLE = Automatic;
				CURRENT_PROJECT_VERSION = 1;
				DEVELOPMENT_TEAM = HUW9W9K3LV;
				MARKETING_VERSION = 1.0;
				PRODUCT_BUNDLE_IDENTIFIER = com.charan.Q15s;
				PRODUCT_NAME = "$(TARGET_NAME)";
				SWIFT_VERSION = 5.0;
			};
			name = Debug;
		};
		D624E38426FB878700407E30 /* Release */ = {
			isa = XCBuildConfiguration;
			buildSettings = {
				CODE_SIGN_STYLE = Automatic;
				CURRENT_PROJECT_VERSION = 1;
				DEVELOPMENT_TEAM = HUW9W9K3LV;
				MARKETING_VERSION = 1.0;
				PRODUCT_BUNDLE_IDENTIFIER = com.femidof.Q15s;
				PRODUCT_NAME = "$(TARGET_NAME)";
				SWIFT_VERSION = 5.0;
			};
			name = Release;
		};
/* End XCBuildConfiguration section */

/* Begin XCConfigurationList section */
		D624E35026FB878400407E30 /* Build configuration list for PBXProject "Q15s" */ = {
			isa = XCConfigurationList;
			buildConfigurations = (
				D624E37826FB878700407E30 /* Debug */,
				D624E37926FB878700407E30 /* Release */,
			);
			defaultConfigurationIsVisible = 0;
			defaultConfigurationName = Release;
		};
		D624E37A26FB878700407E30 /* Build configuration list for PBXNativeTarget "Q15s WatchKit Extension" */ = {
			isa = XCConfigurationList;
			buildConfigurations = (
				D624E37B26FB878700407E30 /* Debug */,
				D624E37C26FB878700407E30 /* Release */,
			);
			defaultConfigurationIsVisible = 0;
			defaultConfigurationName = Release;
		};
		D624E37E26FB878700407E30 /* Build configuration list for PBXNativeTarget "Q15s WatchKit App" */ = {
			isa = XCConfigurationList;
			buildConfigurations = (
				D624E37F26FB878700407E30 /* Debug */,
				D624E38026FB878700407E30 /* Release */,
			);
			defaultConfigurationIsVisible = 0;
			defaultConfigurationName = Release;
		};
		D624E38226FB878700407E30 /* Build configuration list for PBXNativeTarget "Q15s" */ = {
			isa = XCConfigurationList;
			buildConfigurations = (
				D624E38326FB878700407E30 /* Debug */,
				D624E38426FB878700407E30 /* Release */,
			);
			defaultConfigurationIsVisible = 0;
			defaultConfigurationName = Release;
		};
/* End XCConfigurationList section */
	};
	rootObject = D624E34D26FB878400407E30 /* Project object */;
}
